
Microsoft Visual Studio Solution File, Format Version 12.00
# Visual Studio Version 17
VisualStudioVersion = 17.11.35312.102
MinimumVisualStudioVersion = 10.0.40219.1
Project("{FAE04EC0-301F-11D3-BF4B-00C04F79EFBC}") = "Whileloop", "Whileloop.csproj", "{CD5E20C7-2503-4120-91D4-EB8652E0593A}"
EndProject
Global
	GlobalSection(SolutionConfigurationPlatforms) = preSolution
		Debug|Any CPU = Debug|Any CPU
		Release|Any CPU = Release|Any CPU
	EndGlobalSection
	GlobalSection(ProjectConfigurationPlatforms) = postSolution
		{CD5E20C7-2503-4120-91D4-EB8652E0593A}.Debug|Any CPU.ActiveCfg = Debug|Any CPU
		{CD5E20C7-2503-4120-91D4-EB8652E0593A}.Debug|Any CPU.Build.0 = Debug|Any CPU
		{CD5E20C7-2503-4120-91D4-EB8652E0593A}.Release|Any CPU.ActiveCfg = Release|Any CPU
		{CD5E20C7-2503-4120-91D4-EB8652E0593A}.Release|Any CPU.Build.0 = Release|Any CPU
	EndGlobalSection
	GlobalSection(SolutionProperties) = preSolution
		HideSolutionNode = FALSE
	EndGlobalSection
	GlobalSection(ExtensibilityGlobals) = postSolution
		SolutionGuid = {14EDAAAF-B0CA-45C9-9770-4A8654D0CC5A}
	EndGlobalSection
EndGlobal
